<?xml version="1.0" encoding="utf-8"?>
<Project ToolsVersion="4.0" xmlns="http://schemas.microsoft.com/developer/msbuild/2003">
  <ItemGroup>
    <ClCompile Include="Mesh\AnimationMap.cpp" />
    <ClCompile Include="Mesh\MeshMap.cpp" />
    <ClCompile Include="GameObject\GameObject.cpp" />
    <ClCompile Include="GameObject\WorldObject.cpp" />
    <ClCompile Include="GFX\MaterialMap.cpp" />
    <ClCompile Include="Loader\BGLoader.cpp" />
    <ClCompile Include="Mesh\Mesh.cpp" />
    <ClCompile Include="Pch\Pch.cpp" />
    <ClCompile Include="Player\Player.cpp" />
    <ClCompile Include="Renderer\Camera.cpp" />
    <ClCompile Include="Renderer\Renderer.cpp" />
    <ClCompile Include="Renderer\Shader.cpp" />
    <ClCompile Include="Renderer\ShaderMap.cpp" />
    <ClCompile Include="Renderer\SkyBox.cpp" />
    <ClCompile Include="Mesh\SkeletonMap.cpp" />
    <ClCompile Include="States\PlayState.cpp" />
    <ClCompile Include="System\Application.cpp" />
    <ClCompile Include="System\BulletPhysics.cpp" />
    <ClCompile Include="System\Input.cpp" />
    <ClCompile Include="System\Log.cpp" />
    <ClCompile Include="System\Main.cpp" />
    <ClCompile Include="System\StateManager.cpp" />
    <ClCompile Include="System\TimedCallback.cpp" />
    <ClCompile Include="System\Timer.cpp" />
    <ClCompile Include="Texture\stb_image.cpp" />
    <ClCompile Include="Destruction\VoroniCalculator.cpp" />
    <ClCompile Include="Destruction\DelaunayGenerator.cpp" />
    <ClCompile Include="Destruction\PointCompare.cpp" />
    <ClCompile Include="Destruction\VoroniClipper.cpp" />
    <ClCompile Include="Destruction\DstrGenerator.cpp" />
    <ClCompile Include="GameObject\DestructibleObject.cpp" />
    <ClCompile Include="GameObject\MapObject.cpp" />
    <ClCompile Include="GFX\Pointlight.cpp" />
    <ClCompile Include="System\MemoryUsage.cpp" />
    <ClCompile Include="System\UniqueIndex.cpp" />
    <ClCompile Include="MayaCommunicator\MayaObject.cpp" />
    <ClCompile Include="MayaCommunicator\MayaCom.cpp" />
    <ClCompile Include="MayaCommunicator\Reciever.cpp" />
    <ClCompile Include="MayaCommunicator\MayaViewer.cpp" />
  </ItemGroup>
  <ItemGroup>
    <ClInclude Include="Mesh\AnimationMap.h" />
    <ClInclude Include="Mesh\MeshMap.h" />
    <ClInclude Include="GameObject\WorldObject.h" />
    <ClInclude Include="GFX\MaterialMap.h" />
    <ClInclude Include="Loader\BGLoader.h" />
    <ClInclude Include="Mesh\Mesh.h" />
    <ClInclude Include="Loader\LoaderFormat.h" />
    <ClInclude Include="Mesh\MeshFormat.h" />
    <ClInclude Include="Pch\Pch.h" />
    <ClInclude Include="Player\Player.h" />
    <ClInclude Include="Renderer\Camera.h" />
    <ClInclude Include="Renderer\Renderer.h" />
    <ClInclude Include="Renderer\Shader.h" />
    <ClInclude Include="Renderer\ShaderMap.h" />
    <ClInclude Include="Renderer\SkyBox.h" />
    <ClInclude Include="Mesh\SkeletonMap.h" />
    <ClInclude Include="States\PlayState.h" />
    <ClInclude Include="System\Application.h" />
    <ClInclude Include="System\BulletPhysics.h" />
    <ClInclude Include="System\DeltaTime.h" />
    <ClInclude Include="System\Input.h" />
    <ClInclude Include="System\Lerp.h" />
    <ClInclude Include="System\Log.h" />
    <ClInclude Include="System\Randomizer.h" />
    <ClInclude Include="System\State.h" />
    <ClInclude Include="System\StateManager.h" />
    <ClInclude Include="System\TimedCallback.h" />
    <ClInclude Include="System\Timer.h" />
    <ClInclude Include="Texture\stb_image.h" />
    <ClInclude Include="Destruction\TriangleNode.h" />
    <ClInclude Include="Destruction\Geometry.h" />
    <ClInclude Include="Destruction\VoroniCalculator.h" />
    <ClInclude Include="Destruction\DelaunayGenerator.h" />
    <ClInclude Include="Destruction\PointCompare.h" />
    <ClInclude Include="Destruction\VoroniClipper.h" />
    <ClInclude Include="Destruction\DstrGenerator.h" />
    <ClInclude Include="GameObject\DestructibleObject.h" />
    <ClInclude Include="System\Randomizer.h" />
    <ClInclude Include="System\DeltaTime.h" />
    <ClInclude Include="Renderer\NotificationStructure.h" />
    <ClInclude Include="GameObject\MapObject.h" />
    <ClInclude Include="Renderer\PickupNotificationStructure.h" />
    <ClInclude Include="GameObject\ObjectTypes.h" />
    <ClInclude Include="Renderer\PickupNotificationStructure.h" />
    <ClInclude Include="GFX\Pointlight.h" />
    <ClInclude Include="System\MemoryUsage.h" />
    <ClInclude Include="System\UniqueIndex.h" />
    <ClInclude Include="System\Framerate.h" />
    <ClInclude Include="MayaCommunicator\MayaObject.h" />
    <ClInclude Include="MayaCommunicator\MayaCom.h" />
    <ClInclude Include="MayaCommunicator\Reciever.h" />
    <ClInclude Include="MayaCommunicator\MayaViewer.h" />
    <ClInclude Include="MayaCommunicator\ComData.h" />
  </ItemGroup>
  <ItemGroup>
    <None Include="GameObject\GameObject.h" />
  </ItemGroup>
</Project>